
Microsoft Visual Studio Solution File, Format Version 12.00
# Visual Studio Version 16
VisualStudioVersion = 16.0.31729.503
MinimumVisualStudioVersion = 10.0.40219.1
Project("{FAE04EC0-301F-11D3-BF4B-00C04F79EFBC}") = "HiJeanCleaning", "HiJeanCleaning\HiJeanCleaning.csproj", "{9D4451E2-1E7D-4870-B7FA-0CDE3BD53FEE}"
EndProject
Global
	GlobalSection(SolutionConfigurationPlatforms) = preSolution
		Debug|Any CPU = Debug|Any CPU
		Release|Any CPU = Release|Any CPU
	EndGlobalSection
	GlobalSection(ProjectConfigurationPlatforms) = postSolution
		{9D4451E2-1E7D-4870-B7FA-0CDE3BD53FEE}.Debug|Any CPU.ActiveCfg = Debug|Any CPU
		{9D4451E2-1E7D-4870-B7FA-0CDE3BD53FEE}.Debug|Any CPU.Build.0 = Debug|Any CPU
		{9D4451E2-1E7D-4870-B7FA-0CDE3BD53FEE}.Release|Any CPU.ActiveCfg = Release|Any CPU
		{9D4451E2-1E7D-4870-B7FA-0CDE3BD53FEE}.Release|Any CPU.Build.0 = Release|Any CPU
	EndGlobalSection
	GlobalSection(SolutionProperties) = preSolution
		HideSolutionNode = FALSE
	EndGlobalSection
	GlobalSection(ExtensibilityGlobals) = postSolution
		SolutionGuid = {CCCFD507-7FA7-4DD2-91F4-72EB82BE3CD3}
	EndGlobalSection
EndGlobal
